
Microsoft Visual Studio Solution File, Format Version 12.00
# Visual Studio Version 17
VisualStudioVersion = 17.13.35931.197 d17.13
MinimumVisualStudioVersion = 10.0.40219.1
Project("{FAE04EC0-301F-11D3-BF4B-00C04F79EFBC}") = "Internal Real-time Chat Website", "Internal Real-time Chat Website\Internal Real-time Chat Website.csproj", "{3E192B7B-144E-4895-A424-C97F040621B8}"
EndProject
Global
	GlobalSection(SolutionConfigurationPlatforms) = preSolution
		Debug|Any CPU = Debug|Any CPU
		Release|Any CPU = Release|Any CPU
	EndGlobalSection
	GlobalSection(ProjectConfigurationPlatforms) = postSolution
		{3E192B7B-144E-4895-A424-C97F040621B8}.Debug|Any CPU.ActiveCfg = Debug|Any CPU
		{3E192B7B-144E-4895-A424-C97F040621B8}.Debug|Any CPU.Build.0 = Debug|Any CPU
		{3E192B7B-144E-4895-A424-C97F040621B8}.Release|Any CPU.ActiveCfg = Release|Any CPU
		{3E192B7B-144E-4895-A424-C97F040621B8}.Release|Any CPU.Build.0 = Release|Any CPU
	EndGlobalSection
	GlobalSection(SolutionProperties) = preSolution
		HideSolutionNode = FALSE
	EndGlobalSection
	GlobalSection(ExtensibilityGlobals) = postSolution
		SolutionGuid = {F818EDB0-62C1-4589-BB29-DE4E4FBC1F5A}
	EndGlobalSection
EndGlobal
